dependencies:
- name: vault-operator
  repository: file://../vault-operator
  version: 1.0.0
- name: matr-ingress-controller
  repository: file://../matr-ingress-controller/_helm/matr-ingress-controller
  version: 1.0.2
digest: sha256:41634a536db3915fda94647edc2bed6e152fd3c7f0fcbdb6e81cdfeae0ee75c3
generated: 2018-09-04T15:57:36.4429451-05:00
